
Microsoft Visual Studio Solution File, Format Version 12.00
# Visual Studio Version 16
VisualStudioVersion = 16.0.29613.14
MinimumVisualStudioVersion = 10.0.40219.1
Project("{FAE04EC0-301F-11D3-BF4B-00C04F79EFBC}") = "Abenity.Members", "Abenity.Members\Abenity.Members.csproj", "{5CA99356-6B53-4D8C-B452-58BCF14D5DEA}"
EndProject
Project("{FAE04EC0-301F-11D3-BF4B-00C04F79EFBC}") = "Abenity.Members.Tests", "Abenity.Members.Tests\Abenity.Members.Tests.csproj", "{C83D2273-7DAA-4A24-8F86-27716D03C199}"
EndProject
Global
	GlobalSection(SolutionConfigurationPlatforms) = preSolution
		Debug|Any CPU = Debug|Any CPU
		Release|Any CPU = Release|Any CPU
	EndGlobalSection
	GlobalSection(ProjectConfigurationPlatforms) = postSolution
		{5CA99356-6B53-4D8C-B452-58BCF14D5DEA}.Debug|Any CPU.ActiveCfg = Debug|Any CPU
		{5CA99356-6B53-4D8C-B452-58BCF14D5DEA}.Debug|Any CPU.Build.0 = Debug|Any CPU
		{5CA99356-6B53-4D8C-B452-58BCF14D5DEA}.Release|Any CPU.ActiveCfg = Release|Any CPU
		{5CA99356-6B53-4D8C-B452-58BCF14D5DEA}.Release|Any CPU.Build.0 = Release|Any CPU
		{C83D2273-7DAA-4A24-8F86-27716D03C199}.Debug|Any CPU.ActiveCfg = Debug|Any CPU
		{C83D2273-7DAA-4A24-8F86-27716D03C199}.Debug|Any CPU.Build.0 = Debug|Any CPU
		{C83D2273-7DAA-4A24-8F86-27716D03C199}.Release|Any CPU.ActiveCfg = Release|Any CPU
		{C83D2273-7DAA-4A24-8F86-27716D03C199}.Release|Any CPU.Build.0 = Release|Any CPU
	EndGlobalSection
	GlobalSection(SolutionProperties) = preSolution
		HideSolutionNode = FALSE
	EndGlobalSection
	GlobalSection(ExtensibilityGlobals) = postSolution
		SolutionGuid = {1E671A53-29E6-4D74-A006-BCD30628463E}
	EndGlobalSection
EndGlobal
